
Microsoft Visual Studio Solution File, Format Version 12.00
# Visual Studio Version 16
VisualStudioVersion = 16.0.29306.81
MinimumVisualStudioVersion = 10.0.40219.1
Project("{FAE04EC0-301F-11D3-BF4B-00C04F79EFBC}") = "MtlsExample", "MtlsExample\MtlsExample.csproj", "{2E03FA7D-E956-4E9F-9FBB-4B04E938AB7C}"
EndProject
Global
	GlobalSection(SolutionConfigurationPlatforms) = preSolution
		Debug|Any CPU = Debug|Any CPU
		Release|Any CPU = Release|Any CPU
	EndGlobalSection
	GlobalSection(ProjectConfigurationPlatforms) = postSolution
		{2E03FA7D-E956-4E9F-9FBB-4B04E938AB7C}.Debug|Any CPU.ActiveCfg = Debug|Any CPU
		{2E03FA7D-E956-4E9F-9FBB-4B04E938AB7C}.Debug|Any CPU.Build.0 = Debug|Any CPU
		{2E03FA7D-E956-4E9F-9FBB-4B04E938AB7C}.Release|Any CPU.ActiveCfg = Release|Any CPU
		{2E03FA7D-E956-4E9F-9FBB-4B04E938AB7C}.Release|Any CPU.Build.0 = Release|Any CPU
	EndGlobalSection
	GlobalSection(SolutionProperties) = preSolution
		HideSolutionNode = FALSE
	EndGlobalSection
	GlobalSection(ExtensibilityGlobals) = postSolution
		SolutionGuid = {8CB65EAA-33F8-452F-8EB3-4129212C4746}
	EndGlobalSection
EndGlobal
